// !$*UTF8*$!
{
	archiveVersion = 1;
	classes = {
	};
	objectVersion = 56;
	objects = {

/* Begin PBXBuildFile section */
		180A7B8F2B26E49C00114813 /* CustomShapesBootcamp.swift in Sources */ = {isa = PBXBuildFile; fileRef = 180A7B8E2B26E49C00114813 /* CustomShapesBootcamp.swift */; };
		180A7B912B26F9CF00114813 /* CustomCurvesBootcamp.swift in Sources */ = {isa = PBXBuildFile; fileRef = 180A7B902B26F9CF00114813 /* CustomCurvesBootcamp.swift */; };
		181855BD2B24DA91004B752B /* AnyTransitionBootcamp.swift in Sources */ = {isa = PBXBuildFile; fileRef = 181855BC2B24DA91004B752B /* AnyTransitionBootcamp.swift */; };
		1847F9332B28B0C600AA98F4 /* PreferenceKeyBootcamp.swift in Sources */ = {isa = PBXBuildFile; fileRef = 1847F9322B28B0C600AA98F4 /* PreferenceKeyBootcamp.swift */; };
		1847F9362B28BC3500AA98F4 /* GeometryPreferenceKeyBootcamp.swift in Sources */ = {isa = PBXBuildFile; fileRef = 1847F9352B28BC3500AA98F4 /* GeometryPreferenceKeyBootcamp.swift */; };
		1847F9382B28C04B00AA98F4 /* ScrollViewOffsetPreferenceBootcamp.swift in Sources */ = {isa = PBXBuildFile; fileRef = 1847F9372B28C04B00AA98F4 /* ScrollViewOffsetPreferenceBootcamp.swift */; };
		185ACBB82B235A0900F0AB07 /* AdvancedLearningApp.swift in Sources */ = {isa = PBXBuildFile; fileRef = 185ACBB72B235A0900F0AB07 /* AdvancedLearningApp.swift */; };
		185ACBBC2B235A0A00F0AB07 /* Assets.xcassets in Resources */ = {isa = PBXBuildFile; fileRef = 185ACBBB2B235A0A00F0AB07 /* Assets.xcassets */; };
		185ACBBF2B235A0A00F0AB07 /* Preview Assets.xcassets in Resources */ = {isa = PBXBuildFile; fileRef = 185ACBBE2B235A0A00F0AB07 /* Preview Assets.xcassets */; };
		185ACBC62B235BCC00F0AB07 /* ViewModifierBootcamp.swift in Sources */ = {isa = PBXBuildFile; fileRef = 185ACBC52B235BCC00F0AB07 /* ViewModifierBootcamp.swift */; };
		185ACBC82B2364FF00F0AB07 /* ButtonStyleBootcamp.swift in Sources */ = {isa = PBXBuildFile; fileRef = 185ACBC72B2364FF00F0AB07 /* ButtonStyleBootcamp.swift */; };
		1874380B2B2756C600D33213 /* AnimatableDataBootcamp.swift in Sources */ = {isa = PBXBuildFile; fileRef = 1874380A2B2756C600D33213 /* AnimatableDataBootcamp.swift */; };
		1874380D2B27617300D33213 /* GenericsBootcamp.swift in Sources */ = {isa = PBXBuildFile; fileRef = 1874380C2B27617300D33213 /* GenericsBootcamp.swift */; };
		188B5E902B2C0DD200637932 /* AppTabBarView.swift in Sources */ = {isa = PBXBuildFile; fileRef = 188B5E8F2B2C0DD200637932 /* AppTabBarView.swift */; };
		188B5E922B2C10B400637932 /* CustomTabBarView.swift in Sources */ = {isa = PBXBuildFile; fileRef = 188B5E912B2C10B400637932 /* CustomTabBarView.swift */; };
		18D52BC52B262AFB0002017E /* MatchedGeometryEffectBootcamp.swift in Sources */ = {isa = PBXBuildFile; fileRef = 18D52BC42B262AFB0002017E /* MatchedGeometryEffectBootcamp.swift */; };
		18E2D3422B283F3A007C6347 /* ViewBuilderBootcamp.swift in Sources */ = {isa = PBXBuildFile; fileRef = 18E2D3412B283F3A007C6347 /* ViewBuilderBootcamp.swift */; };
/* End PBXBuildFile section */

/* Begin PBXFileReference section */
		180A7B8E2B26E49C00114813 /* CustomShapesBootcamp.swift */ = {isa = PBXFileReference; lastKnownFileType = sourcecode.swift; path = CustomShapesBootcamp.swift; sourceTree = "<group>"; };
		180A7B902B26F9CF00114813 /* CustomCurvesBootcamp.swift */ = {isa = PBXFileReference; lastKnownFileType = sourcecode.swift; path = CustomCurvesBootcamp.swift; sourceTree = "<group>"; };
		181855BC2B24DA91004B752B /* AnyTransitionBootcamp.swift */ = {isa = PBXFileReference; lastKnownFileType = sourcecode.swift; path = AnyTransitionBootcamp.swift; sourceTree = "<group>"; };
		1847F9322B28B0C600AA98F4 /* PreferenceKeyBootcamp.swift */ = {isa = PBXFileReference; lastKnownFileType = sourcecode.swift; path = PreferenceKeyBootcamp.swift; sourceTree = "<group>"; };
		1847F9352B28BC3500AA98F4 /* GeometryPreferenceKeyBootcamp.swift */ = {isa = PBXFileReference; lastKnownFileType = sourcecode.swift; path = GeometryPreferenceKeyBootcamp.swift; sourceTree = "<group>"; };
		1847F9372B28C04B00AA98F4 /* ScrollViewOffsetPreferenceBootcamp.swift */ = {isa = PBXFileReference; lastKnownFileType = sourcecode.swift; path = ScrollViewOffsetPreferenceBootcamp.swift; sourceTree = "<group>"; };
		185ACBB42B235A0900F0AB07 /* AdvancedLearning.app */ = {isa = PBXFileReference; explicitFileType = wrapper.application; includeInIndex = 0; path = AdvancedLearning.app; sourceTree = BUILT_PRODUCTS_DIR; };
		185ACBB72B235A0900F0AB07 /* AdvancedLearningApp.swift */ = {isa = PBXFileReference; lastKnownFileType = sourcecode.swift; path = AdvancedLearningApp.swift; sourceTree = "<group>"; };
		185ACBBB2B235A0A00F0AB07 /* Assets.xcassets */ = {isa = PBXFileReference; lastKnownFileType = folder.assetcatalog; path = Assets.xcassets; sourceTree = "<group>"; };
		185ACBBE2B235A0A00F0AB07 /* Preview Assets.xcassets */ = {isa = PBXFileReference; lastKnownFileType = folder.assetcatalog; path = "Preview Assets.xcassets"; sourceTree = "<group>"; };
		185ACBC52B235BCC00F0AB07 /* ViewModifierBootcamp.swift */ = {isa = PBXFileReference; lastKnownFileType = sourcecode.swift; path = ViewModifierBootcamp.swift; sourceTree = "<group>"; };
		185ACBC72B2364FF00F0AB07 /* ButtonStyleBootcamp.swift */ = {isa = PBXFileReference; lastKnownFileType = sourcecode.swift; path = ButtonStyleBootcamp.swift; sourceTree = "<group>"; };
		1874380A2B2756C600D33213 /* AnimatableDataBootcamp.swift */ = {isa = PBXFileReference; lastKnownFileType = sourcecode.swift; path = AnimatableDataBootcamp.swift; sourceTree = "<group>"; };
		1874380C2B27617300D33213 /* GenericsBootcamp.swift */ = {isa = PBXFileReference; lastKnownFileType = sourcecode.swift; path = GenericsBootcamp.swift; sourceTree = "<group>"; };
		188B5E8F2B2C0DD200637932 /* AppTabBarView.swift */ = {isa = PBXFileReference; lastKnownFileType = sourcecode.swift; path = AppTabBarView.swift; sourceTree = "<group>"; };
		188B5E912B2C10B400637932 /* CustomTabBarView.swift */ = {isa = PBXFileReference; lastKnownFileType = sourcecode.swift; path = CustomTabBarView.swift; sourceTree = "<group>"; };
		18D52BC42B262AFB0002017E /* MatchedGeometryEffectBootcamp.swift */ = {isa = PBXFileReference; lastKnownFileType = sourcecode.swift; path = MatchedGeometryEffectBootcamp.swift; sourceTree = "<group>"; };
		18E2D3412B283F3A007C6347 /* ViewBuilderBootcamp.swift */ = {isa = PBXFileReference; lastKnownFileType = sourcecode.swift; path = ViewBuilderBootcamp.swift; sourceTree = "<group>"; };
/* End PBXFileReference section */

/* Begin PBXFrameworksBuildPhase section */
		185ACBB12B235A0900F0AB07 /* Frameworks */ = {
			isa = PBXFrameworksBuildPhase;
			buildActionMask = 2147483647;
			files = (
			);
			runOnlyForDeploymentPostprocessing = 0;
		};
/* End PBXFrameworksBuildPhase section */

/* Begin PBXGroup section */
		1847F9342B28BC0300AA98F4 /* PreferenceKeyBootcamp */ = {
			isa = PBXGroup;
			children = (
				1847F9322B28B0C600AA98F4 /* PreferenceKeyBootcamp.swift */,
				1847F9352B28BC3500AA98F4 /* GeometryPreferenceKeyBootcamp.swift */,
				1847F9372B28C04B00AA98F4 /* ScrollViewOffsetPreferenceBootcamp.swift */,
			);
			path = PreferenceKeyBootcamp;
			sourceTree = "<group>";
		};
		185ACBAB2B235A0900F0AB07 = {
			isa = PBXGroup;
			children = (
				185ACBB62B235A0900F0AB07 /* AdvancedLearning */,
				185ACBB52B235A0900F0AB07 /* Products */,
			);
			sourceTree = "<group>";
		};
		185ACBB52B235A0900F0AB07 /* Products */ = {
			isa = PBXGroup;
			children = (
				185ACBB42B235A0900F0AB07 /* AdvancedLearning.app */,
			);
			name = Products;
			sourceTree = "<group>";
		};
		185ACBB62B235A0900F0AB07 /* AdvancedLearning */ = {
			isa = PBXGroup;
			children = (
				185ACBB72B235A0900F0AB07 /* AdvancedLearningApp.swift */,
				185ACBC52B235BCC00F0AB07 /* ViewModifierBootcamp.swift */,
				185ACBC72B2364FF00F0AB07 /* ButtonStyleBootcamp.swift */,
				181855BC2B24DA91004B752B /* AnyTransitionBootcamp.swift */,
				18D52BC42B262AFB0002017E /* MatchedGeometryEffectBootcamp.swift */,
				180A7B8E2B26E49C00114813 /* CustomShapesBootcamp.swift */,
				180A7B902B26F9CF00114813 /* CustomCurvesBootcamp.swift */,
				1874380A2B2756C600D33213 /* AnimatableDataBootcamp.swift */,
				1874380C2B27617300D33213 /* GenericsBootcamp.swift */,
				18E2D3412B283F3A007C6347 /* ViewBuilderBootcamp.swift */,
				1847F9342B28BC0300AA98F4 /* PreferenceKeyBootcamp */,
				188B5E8E2B2C0D7E00637932 /* CustomTabBar */,
				185ACBBB2B235A0A00F0AB07 /* Assets.xcassets */,
				185ACBBD2B235A0A00F0AB07 /* Preview Content */,
			);
			path = AdvancedLearning;
			sourceTree = "<group>";
		};
		185ACBBD2B235A0A00F0AB07 /* Preview Content */ = {
			isa = PBXGroup;
			children = (
				185ACBBE2B235A0A00F0AB07 /* Preview Assets.xcassets */,
			);
			path = "Preview Content";
			sourceTree = "<group>";
		};
		188B5E8E2B2C0D7E00637932 /* CustomTabBar */ = {
			isa = PBXGroup;
			children = (
				188B5E8F2B2C0DD200637932 /* AppTabBarView.swift */,
				188B5E912B2C10B400637932 /* CustomTabBarView.swift */,
			);
			path = CustomTabBar;
			sourceTree = "<group>";
		};
/* End PBXGroup section */

/* Begin PBXNativeTarget section */
		185ACBB32B235A0900F0AB07 /* AdvancedLearning */ = {
			isa = PBXNativeTarget;
			buildConfigurationList = 185ACBC22B235A0A00F0AB07 /* Build configuration list for PBXNativeTarget "AdvancedLearning" */;
			buildPhases = (
				185ACBB02B235A0900F0AB07 /* Sources */,
				185ACBB12B235A0900F0AB07 /* Frameworks */,
				185ACBB22B235A0900F0AB07 /* Resources */,
			);
			buildRules = (
			);
			dependencies = (
			);
			name = AdvancedLearning;
			productName = AdvancedLearning;
			productReference = 185ACBB42B235A0900F0AB07 /* AdvancedLearning.app */;
			productType = "com.apple.product-type.application";
		};
/* End PBXNativeTarget section */

/* Begin PBXProject section */
		185ACBAC2B235A0900F0AB07 /* Project object */ = {
			isa = PBXProject;
			attributes = {
				BuildIndependentTargetsInParallel = 1;
				LastSwiftUpdateCheck = 1500;
				LastUpgradeCheck = 1500;
				TargetAttributes = {
					185ACBB32B235A0900F0AB07 = {
						CreatedOnToolsVersion = 15.0.1;
					};
				};
			};
			buildConfigurationList = 185ACBAF2B235A0900F0AB07 /* Build configuration list for PBXProject "AdvancedLearning" */;
			compatibilityVersion = "Xcode 14.0";
			developmentRegion = en;
			hasScannedForEncodings = 0;
			knownRegions = (
				en,
				Base,
			);
			mainGroup = 185ACBAB2B235A0900F0AB07;
			productRefGroup = 185ACBB52B235A0900F0AB07 /* Products */;
			projectDirPath = "";
			projectRoot = "";
			targets = (
				185ACBB32B235A0900F0AB07 /* AdvancedLearning */,
			);
		};
/* End PBXProject section */

/* Begin PBXResourcesBuildPhase section */
		185ACBB22B235A0900F0AB07 /* Resources */ = {
			isa = PBXResourcesBuildPhase;
			buildActionMask = 2147483647;
			files = (
				185ACBBF2B235A0A00F0AB07 /* Preview Assets.xcassets in Resources */,
				185ACBBC2B235A0A00F0AB07 /* Assets.xcassets in Resources */,
			);
			runOnlyForDeploymentPostprocessing = 0;
		};
/* End PBXResourcesBuildPhase section */

/* Begin PBXSourcesBuildPhase section */
		185ACBB02B235A0900F0AB07 /* Sources */ = {
			isa = PBXSourcesBuildPhase;
			buildActionMask = 2147483647;
			files = (
				188B5E902B2C0DD200637932 /* AppTabBarView.swift in Sources */,
				185ACBC82B2364FF00F0AB07 /* ButtonStyleBootcamp.swift in Sources */,
				185ACBC62B235BCC00F0AB07 /* ViewModifierBootcamp.swift in Sources */,
				181855BD2B24DA91004B752B /* AnyTransitionBootcamp.swift in Sources */,
				185ACBB82B235A0900F0AB07 /* AdvancedLearningApp.swift in Sources */,
				1874380B2B2756C600D33213 /* AnimatableDataBootcamp.swift in Sources */,
				188B5E922B2C10B400637932 /* CustomTabBarView.swift in Sources */,
				18E2D3422B283F3A007C6347 /* ViewBuilderBootcamp.swift in Sources */,
				1874380D2B27617300D33213 /* GenericsBootcamp.swift in Sources */,
				1847F9382B28C04B00AA98F4 /* ScrollViewOffsetPreferenceBootcamp.swift in Sources */,
				1847F9362B28BC3500AA98F4 /* GeometryPreferenceKeyBootcamp.swift in Sources */,
				18D52BC52B262AFB0002017E /* MatchedGeometryEffectBootcamp.swift in Sources */,
				180A7B8F2B26E49C00114813 /* CustomShapesBootcamp.swift in Sources */,
				1847F9332B28B0C600AA98F4 /* PreferenceKeyBootcamp.swift in Sources */,
				180A7B912B26F9CF00114813 /* CustomCurvesBootcamp.swift in Sources */,
			);
			runOnlyForDeploymentPostprocessing = 0;
		};
/* End PBXSourcesBuildPhase section */

/* Begin XCBuildConfiguration section */
		185ACBC02B235A0A00F0AB07 /* Debug */ = {
			isa = XCBuildConfiguration;
			buildSettings = {
				ALWAYS_SEARCH_USER_PATHS = NO;
				ASSETCATALOG_COMPILER_GENERATE_SWIFT_ASSET_SYMBOL_EXTENSIONS = YES;
				CLANG_ANALYZER_NONNULL = YES;
				CLANG_ANALYZER_NUMBER_OBJECT_CONVERSION = YES_AGGRESSIVE;
				CLANG_CXX_LANGUAGE_STANDARD = "gnu++20";
				CLANG_ENABLE_MODULES = YES;
				CLANG_ENABLE_OBJC_ARC = YES;
				CLANG_ENABLE_OBJC_WEAK = YES;
				CLANG_WARN_BLOCK_CAPTURE_AUTORELEASING = YES;
				CLANG_WARN_BOOL_CONVERSION = YES;
				CLANG_WARN_COMMA = YES;
				CLANG_WARN_CONSTANT_CONVERSION = YES;
				CLANG_WARN_DEPRECATED_OBJC_IMPLEMENTATIONS = YES;
				CLANG_WARN_DIRECT_OBJC_ISA_USAGE = YES_ERROR;
				CLANG_WARN_DOCUMENTATION_COMMENTS = YES;
				CLANG_WARN_EMPTY_BODY = YES;
				CLANG_WARN_ENUM_CONVERSION = YES;
				CLANG_WARN_INFINITE_RECURSION = YES;
				CLANG_WARN_INT_CONVERSION = YES;
				CLANG_WARN_NON_LITERAL_NULL_CONVERSION = YES;
				CLANG_WARN_OBJC_IMPLICIT_RETAIN_SELF = YES;
				CLANG_WARN_OBJC_LITERAL_CONVERSION = YES;
				CLANG_WARN_OBJC_ROOT_CLASS = YES_ERROR;
				CLANG_WARN_QUOTED_INCLUDE_IN_FRAMEWORK_HEADER = YES;
				CLANG_WARN_RANGE_LOOP_ANALYSIS = YES;
				CLANG_WARN_STRICT_PROTOTYPES = YES;
				CLANG_WARN_SUSPICIOUS_MOVE = YES;
				CLANG_WARN_UNGUARDED_AVAILABILITY = YES_AGGRESSIVE;
				CLANG_WARN_UNREACHABLE_CODE = YES;
				CLANG_WARN__DUPLICATE_METHOD_MATCH = YES;
				COPY_PHASE_STRIP = NO;
				DEBUG_INFORMATION_FORMAT = dwarf;
				ENABLE_STRICT_OBJC_MSGSEND = YES;
				ENABLE_TESTABILITY = YES;
				ENABLE_USER_SCRIPT_SANDBOXING = YES;
				GCC_C_LANGUAGE_STANDARD = gnu17;
				GCC_DYNAMIC_NO_PIC = NO;
				GCC_NO_COMMON_BLOCKS = YES;
				GCC_OPTIMIZATION_LEVEL = 0;
				GCC_PREPROCESSOR_DEFINITIONS = (
					"DEBUG=1",
					"$(inherited)",
				);
				GCC_WARN_64_TO_32_BIT_CONVERSION = YES;
				GCC_WARN_ABOUT_RETURN_TYPE = YES_ERROR;
				GCC_WARN_UNDECLARED_SELECTOR = YES;
				GCC_WARN_UNINITIALIZED_AUTOS = YES_AGGRESSIVE;
				GCC_WARN_UNUSED_FUNCTION = YES;
				GCC_WARN_UNUSED_VARIABLE = YES;
				IPHONEOS_DEPLOYMENT_TARGET = 17.0;
				LOCALIZATION_PREFERS_STRING_CATALOGS = YES;
				MTL_ENABLE_DEBUG_INFO = INCLUDE_SOURCE;
				MTL_FAST_MATH = YES;
				ONLY_ACTIVE_ARCH = YES;
				SDKROOT = iphoneos;
				SWIFT_ACTIVE_COMPILATION_CONDITIONS = "DEBUG $(inherited)";
				SWIFT_OPTIMIZATION_LEVEL = "-Onone";
			};
			name = Debug;
		};
		185ACBC12B235A0A00F0AB07 /* Release */ = {
			isa = XCBuildConfiguration;
			buildSettings = {
				ALWAYS_SEARCH_USER_PATHS = NO;
				ASSETCATALOG_COMPILER_GENERATE_SWIFT_ASSET_SYMBOL_EXTENSIONS = YES;
				CLANG_ANALYZER_NONNULL = YES;
				CLANG_ANALYZER_NUMBER_OBJECT_CONVERSION = YES_AGGRESSIVE;
				CLANG_CXX_LANGUAGE_STANDARD = "gnu++20";
				CLANG_ENABLE_MODULES = YES;
				CLANG_ENABLE_OBJC_ARC = YES;
				CLANG_ENABLE_OBJC_WEAK = YES;
				CLANG_WARN_BLOCK_CAPTURE_AUTORELEASING = YES;
				CLANG_WARN_BOOL_CONVERSION = YES;
				CLANG_WARN_COMMA = YES;
				CLANG_WARN_CONSTANT_CONVERSION = YES;
				CLANG_WARN_DEPRECATED_OBJC_IMPLEMENTATIONS = YES;
				CLANG_WARN_DIRECT_OBJC_ISA_USAGE = YES_ERROR;
				CLANG_WARN_DOCUMENTATION_COMMENTS = YES;
				CLANG_WARN_EMPTY_BODY = YES;
				CLANG_WARN_ENUM_CONVERSION = YES;
				CLANG_WARN_INFINITE_RECURSION = YES;
				CLANG_WARN_INT_CONVERSION = YES;
				CLANG_WARN_NON_LITERAL_NULL_CONVERSION = YES;
				CLANG_WARN_OBJC_IMPLICIT_RETAIN_SELF = YES;
				CLANG_WARN_OBJC_LITERAL_CONVERSION = YES;
				CLANG_WARN_OBJC_ROOT_CLASS = YES_ERROR;
				CLANG_WARN_QUOTED_INCLUDE_IN_FRAMEWORK_HEADER = YES;
				CLANG_WARN_RANGE_LOOP_ANALYSIS = YES;
				CLANG_WARN_STRICT_PROTOTYPES = YES;
				CLANG_WARN_SUSPICIOUS_MOVE = YES;
				CLANG_WARN_UNGUARDED_AVAILABILITY = YES_AGGRESSIVE;
				CLANG_WARN_UNREACHABLE_CODE = YES;
				CLANG_WARN__DUPLICATE_METHOD_MATCH = YES;
				COPY_PHASE_STRIP = NO;
				DEBUG_INFORMATION_FORMAT = "dwarf-with-dsym";
				ENABLE_NS_ASSERTIONS = NO;
				ENABLE_STRICT_OBJC_MSGSEND = YES;
				ENABLE_USER_SCRIPT_SANDBOXING = YES;
				GCC_C_LANGUAGE_STANDARD = gnu17;
				GCC_NO_COMMON_BLOCKS = YES;
				GCC_WARN_64_TO_32_BIT_CONVERSION = YES;
				GCC_WARN_ABOUT_RETURN_TYPE = YES_ERROR;
				GCC_WARN_UNDECLARED_SELECTOR = YES;
				GCC_WARN_UNINITIALIZED_AUTOS = YES_AGGRESSIVE;
				GCC_WARN_UNUSED_FUNCTION = YES;
				GCC_WARN_UNUSED_VARIABLE = YES;
				IPHONEOS_DEPLOYMENT_TARGET = 17.0;
				LOCALIZATION_PREFERS_STRING_CATALOGS = YES;
				MTL_ENABLE_DEBUG_INFO = NO;
				MTL_FAST_MATH = YES;
				SDKROOT = iphoneos;
				SWIFT_COMPILATION_MODE = wholemodule;
				VALIDATE_PRODUCT = YES;
			};
			name = Release;
		};
		185ACBC32B235A0A00F0AB07 /* Debug */ = {
			isa = XCBuildConfiguration;
			buildSettings = {
				ASSETCATALOG_COMPILER_APPICON_NAME = AppIcon;
				ASSETCATALOG_COMPILER_GLOBAL_ACCENT_COLOR_NAME = AccentColor;
				CODE_SIGN_STYLE = Automatic;
				CURRENT_PROJECT_VERSION = 1;
				DEVELOPMENT_ASSET_PATHS = "\"AdvancedLearning/Preview Content\"";
				ENABLE_PREVIEWS = YES;
				GENERATE_INFOPLIST_FILE = YES;
				INFOPLIST_KEY_UIApplicationSceneManifest_Generation = YES;
				INFOPLIST_KEY_UIApplicationSupportsIndirectInputEvents = YES;
				INFOPLIST_KEY_UILaunchScreen_Generation = YES;
				INFOPLIST_KEY_UISupportedInterfaceOrientations_iPad = "UIInterfaceOrientationPortrait UIInterfaceOrientationPortraitUpsideDown UIInterfaceOrientationLandscapeLeft UIInterfaceOrientationLandscapeRight";
				INFOPLIST_KEY_UISupportedInterfaceOrientations_iPhone = "UIInterfaceOrientationPortrait UIInterfaceOrientationLandscapeLeft UIInterfaceOrientationLandscapeRight";
				LD_RUNPATH_SEARCH_PATHS = (
					"$(inherited)",
					"@executable_path/Frameworks",
				);
				MARKETING_VERSION = 1.0;
				PRODUCT_BUNDLE_IDENTIFIER = com.advancedlearning.AdvancedLearning;
				PRODUCT_NAME = "$(TARGET_NAME)";
				SWIFT_EMIT_LOC_STRINGS = YES;
				SWIFT_VERSION = 5.0;
				TARGETED_DEVICE_FAMILY = "1,2";
			};
			name = Debug;
		};
		185ACBC42B235A0A00F0AB07 /* Release */ = {
			isa = XCBuildConfiguration;
			buildSettings = {
				ASSETCATALOG_COMPILER_APPICON_NAME = AppIcon;
				ASSETCATALOG_COMPILER_GLOBAL_ACCENT_COLOR_NAME = AccentColor;
				CODE_SIGN_STYLE = Automatic;
				CURRENT_PROJECT_VERSION = 1;
				DEVELOPMENT_ASSET_PATHS = "\"AdvancedLearning/Preview Content\"";
				ENABLE_PREVIEWS = YES;
				GENERATE_INFOPLIST_FILE = YES;
				INFOPLIST_KEY_UIApplicationSceneManifest_Generation = YES;
				INFOPLIST_KEY_UIApplicationSupportsIndirectInputEvents = YES;
				INFOPLIST_KEY_UILaunchScreen_Generation = YES;
				INFOPLIST_KEY_UISupportedInterfaceOrientations_iPad = "UIInterfaceOrientationPortrait UIInterfaceOrientationPortraitUpsideDown UIInterfaceOrientationLandscapeLeft UIInterfaceOrientationLandscapeRight";
				INFOPLIST_KEY_UISupportedInterfaceOrientations_iPhone = "UIInterfaceOrientationPortrait UIInterfaceOrientationLandscapeLeft UIInterfaceOrientationLandscapeRight";
				LD_RUNPATH_SEARCH_PATHS = (
					"$(inherited)",
					"@executable_path/Frameworks",
				);
				MARKETING_VERSION = 1.0;
				PRODUCT_BUNDLE_IDENTIFIER = com.advancedlearning.AdvancedLearning;
				PRODUCT_NAME = "$(TARGET_NAME)";
				SWIFT_EMIT_LOC_STRINGS = YES;
				SWIFT_VERSION = 5.0;
				TARGETED_DEVICE_FAMILY = "1,2";
			};
			name = Release;
		};
/* End XCBuildConfiguration section */

/* Begin XCConfigurationList section */
		185ACBAF2B235A0900F0AB07 /* Build configuration list for PBXProject "AdvancedLearning" */ = {
			isa = XCConfigurationList;
			buildConfigurations = (
				185ACBC02B235A0A00F0AB07 /* Debug */,
				185ACBC12B235A0A00F0AB07 /* Release */,
			);
			defaultConfigurationIsVisible = 0;
			defaultConfigurationName = Release;
		};
		185ACBC22B235A0A00F0AB07 /* Build configuration list for PBXNativeTarget "AdvancedLearning" */ = {
			isa = XCConfigurationList;
			buildConfigurations = (
				185ACBC32B235A0A00F0AB07 /* Debug */,
				185ACBC42B235A0A00F0AB07 /* Release */,
			);
			defaultConfigurationIsVisible = 0;
			defaultConfigurationName = Release;
		};
/* End XCConfigurationList section */
	};
	rootObject = 185ACBAC2B235A0900F0AB07 /* Project object */;
}
