// !$*UTF8*$!
{
	archiveVersion = 1;
	classes = {
	};
	objectVersion = 56;
	objects = {

/* Begin PBXBuildFile section */
		180A7B8F2B26E49C00114813 /* CustomShapesBootcamp.swift in Sources */ = {isa = PBXBuildFile; fileRef = 180A7B8E2B26E49C00114813 /* CustomShapesBootcamp.swift */; };
		180A7B912B26F9CF00114813 /* CustomCurvesBootcamp.swift in Sources */ = {isa = PBXBuildFile; fileRef = 180A7B902B26F9CF00114813 /* CustomCurvesBootcamp.swift */; };
		1814EABF2B2D722400FAEEC1 /* UIViewRepresentableBootcamp.swift in Sources */ = {isa = PBXBuildFile; fileRef = 1814EABE2B2D722400FAEEC1 /* UIViewRepresentableBootcamp.swift */; };
		181855BD2B24DA91004B752B /* AnyTransitionBootcamp.swift in Sources */ = {isa = PBXBuildFile; fileRef = 181855BC2B24DA91004B752B /* AnyTransitionBootcamp.swift */; };
		181A501B2B8CDDDA00D098D1 /* AdvancedCombineBootcamp.swift in Sources */ = {isa = PBXBuildFile; fileRef = 181A501A2B8CDDDA00D098D1 /* AdvancedCombineBootcamp.swift */; };
		183539372B923283000648CE /* TimeLineViewBootcamp.swift in Sources */ = {isa = PBXBuildFile; fileRef = 183539362B923283000648CE /* TimeLineViewBootcamp.swift */; };
		183539392B938A05000648CE /* CustomBindingBootcamp.swift in Sources */ = {isa = PBXBuildFile; fileRef = 183539382B938A05000648CE /* CustomBindingBootcamp.swift */; };
		1835393B2B94D255000648CE /* ErrorAlertBootcamp.swift in Sources */ = {isa = PBXBuildFile; fileRef = 1835393A2B94D255000648CE /* ErrorAlertBootcamp.swift */; };
		1835393D2B9612FC000648CE /* KeypathsBootcamp.swift in Sources */ = {isa = PBXBuildFile; fileRef = 1835393C2B9612FC000648CE /* KeypathsBootcamp.swift */; };
		1836BBDF2B3B0946001287ED /* NewMockDataService.swift in Sources */ = {isa = PBXBuildFile; fileRef = 1836BBDE2B3B0946001287ED /* NewMockDataService.swift */; };
		1836BBE12B3B0AB3001287ED /* NewMockDataService_Test.swift in Sources */ = {isa = PBXBuildFile; fileRef = 1836BBE02B3B0AB3001287ED /* NewMockDataService_Test.swift */; };
		183E84022B2C602100FA3AC9 /* AppNavBarView.swift in Sources */ = {isa = PBXBuildFile; fileRef = 183E84012B2C602100FA3AC9 /* AppNavBarView.swift */; };
		183E84042B2C6F3800FA3AC9 /* CustomNavBarView.swift in Sources */ = {isa = PBXBuildFile; fileRef = 183E84032B2C6F3800FA3AC9 /* CustomNavBarView.swift */; };
		183E84062B2C740800FA3AC9 /* CustomNavBarContainerView.swift in Sources */ = {isa = PBXBuildFile; fileRef = 183E84052B2C740800FA3AC9 /* CustomNavBarContainerView.swift */; };
		183E84082B2C778600FA3AC9 /* CustomNavView.swift in Sources */ = {isa = PBXBuildFile; fileRef = 183E84072B2C778600FA3AC9 /* CustomNavView.swift */; };
		183E840A2B2C79EB00FA3AC9 /* CustomNavLink.swift in Sources */ = {isa = PBXBuildFile; fileRef = 183E84092B2C79EB00FA3AC9 /* CustomNavLink.swift */; };
		183E840C2B2C7EE100FA3AC9 /* CustomNavBarPreferenceKey.swift in Sources */ = {isa = PBXBuildFile; fileRef = 183E840B2B2C7EE100FA3AC9 /* CustomNavBarPreferenceKey.swift */; };
		1847F9332B28B0C600AA98F4 /* PreferenceKeyBootcamp.swift in Sources */ = {isa = PBXBuildFile; fileRef = 1847F9322B28B0C600AA98F4 /* PreferenceKeyBootcamp.swift */; };
		1847F9362B28BC3500AA98F4 /* GeometryPreferenceKeyBootcamp.swift in Sources */ = {isa = PBXBuildFile; fileRef = 1847F9352B28BC3500AA98F4 /* GeometryPreferenceKeyBootcamp.swift */; };
		1847F9382B28C04B00AA98F4 /* ScrollViewOffsetPreferenceBootcamp.swift in Sources */ = {isa = PBXBuildFile; fileRef = 1847F9372B28C04B00AA98F4 /* ScrollViewOffsetPreferenceBootcamp.swift */; };
		184DD6F42B8F8A0900F806D9 /* FuturesBootcamp.swift in Sources */ = {isa = PBXBuildFile; fileRef = 184DD6F32B8F8A0900F806D9 /* FuturesBootcamp.swift */; };
		185ACBB82B235A0900F0AB07 /* AdvancedLearningApp.swift in Sources */ = {isa = PBXBuildFile; fileRef = 185ACBB72B235A0900F0AB07 /* AdvancedLearningApp.swift */; };
		185ACBBC2B235A0A00F0AB07 /* Assets.xcassets in Resources */ = {isa = PBXBuildFile; fileRef = 185ACBBB2B235A0A00F0AB07 /* Assets.xcassets */; };
		185ACBBF2B235A0A00F0AB07 /* Preview Assets.xcassets in Resources */ = {isa = PBXBuildFile; fileRef = 185ACBBE2B235A0A00F0AB07 /* Preview Assets.xcassets */; };
		185ACBC62B235BCC00F0AB07 /* ViewModifierBootcamp.swift in Sources */ = {isa = PBXBuildFile; fileRef = 185ACBC52B235BCC00F0AB07 /* ViewModifierBootcamp.swift */; };
		185ACBC82B2364FF00F0AB07 /* ButtonStyleBootcamp.swift in Sources */ = {isa = PBXBuildFile; fileRef = 185ACBC72B2364FF00F0AB07 /* ButtonStyleBootcamp.swift */; };
		1874380B2B2756C600D33213 /* AnimatableDataBootcamp.swift in Sources */ = {isa = PBXBuildFile; fileRef = 1874380A2B2756C600D33213 /* AnimatableDataBootcamp.swift */; };
		1874380D2B27617300D33213 /* GenericsBootcamp.swift in Sources */ = {isa = PBXBuildFile; fileRef = 1874380C2B27617300D33213 /* GenericsBootcamp.swift */; };
		188B5E902B2C0DD200637932 /* AppTabBarView.swift in Sources */ = {isa = PBXBuildFile; fileRef = 188B5E8F2B2C0DD200637932 /* AppTabBarView.swift */; };
		188B5E922B2C10B400637932 /* CustomTabBarView.swift in Sources */ = {isa = PBXBuildFile; fileRef = 188B5E912B2C10B400637932 /* CustomTabBarView.swift */; };
		188B5E942B2C18A500637932 /* CustomTabBarContainerView.swift in Sources */ = {isa = PBXBuildFile; fileRef = 188B5E932B2C18A500637932 /* CustomTabBarContainerView.swift */; };
		188B5E962B2C235500637932 /* TabBarItemsPreferenceKey.swift in Sources */ = {isa = PBXBuildFile; fileRef = 188B5E952B2C235500637932 /* TabBarItemsPreferenceKey.swift */; };
		188B5E982B2C288000637932 /* TabBarItem.swift in Sources */ = {isa = PBXBuildFile; fileRef = 188B5E972B2C288000637932 /* TabBarItem.swift */; };
		18B4DB4E2B406C3F00DC149C /* UITestingBootcampView.swift in Sources */ = {isa = PBXBuildFile; fileRef = 18B4DB4D2B406C3F00DC149C /* UITestingBootcampView.swift */; };
		18D52BC52B262AFB0002017E /* MatchedGeometryEffectBootcamp.swift in Sources */ = {isa = PBXBuildFile; fileRef = 18D52BC42B262AFB0002017E /* MatchedGeometryEffectBootcamp.swift */; };
		18DCB9192B3A9EEA00E13D43 /* UnitTestingBootcampView.swift in Sources */ = {isa = PBXBuildFile; fileRef = 18DCB9182B3A9EEA00E13D43 /* UnitTestingBootcampView.swift */; };
		18DCB91C2B3AA1C800E13D43 /* UnitTestingBootcampVM.swift in Sources */ = {isa = PBXBuildFile; fileRef = 18DCB91B2B3AA1C800E13D43 /* UnitTestingBootcampVM.swift */; };
		18DCB9242B3AA34400E13D43 /* AdvancedLearning_Tests.swift in Sources */ = {isa = PBXBuildFile; fileRef = 18DCB9232B3AA34400E13D43 /* AdvancedLearning_Tests.swift */; };
		18DCB92B2B3AA45500E13D43 /* UnitTestingBootcampVM_Tests.swift in Sources */ = {isa = PBXBuildFile; fileRef = 18DCB92A2B3AA45500E13D43 /* UnitTestingBootcampVM_Tests.swift */; };
		18E2661E2B2EAAF300CD7B3B /* UIViewControllerRepresentableBootcamp.swift in Sources */ = {isa = PBXBuildFile; fileRef = 18E2661D2B2EAAF300CD7B3B /* UIViewControllerRepresentableBootcamp.swift */; };
		18E266202B2EBADB00CD7B3B /* ProtocolsBootcamp.swift in Sources */ = {isa = PBXBuildFile; fileRef = 18E2661F2B2EBADB00CD7B3B /* ProtocolsBootcamp.swift */; };
		18E2D3422B283F3A007C6347 /* ViewBuilderBootcamp.swift in Sources */ = {isa = PBXBuildFile; fileRef = 18E2D3412B283F3A007C6347 /* ViewBuilderBootcamp.swift */; };
		18E600182B394564006CF977 /* DependencyInjectionBootcamp.swift in Sources */ = {isa = PBXBuildFile; fileRef = 18E600172B394564006CF977 /* DependencyInjectionBootcamp.swift */; };
		18EC4E1B2B446467003EC247 /* AdvancedLearning_UITests.swift in Sources */ = {isa = PBXBuildFile; fileRef = 18EC4E1A2B446467003EC247 /* AdvancedLearning_UITests.swift */; };
		18EC4E1D2B446467003EC247 /* AdvancedLearning_UITestsLaunchTests.swift in Sources */ = {isa = PBXBuildFile; fileRef = 18EC4E1C2B446467003EC247 /* AdvancedLearning_UITestsLaunchTests.swift */; };
		18EC4E242B446587003EC247 /* UITestingBootcamp_UITests.swift in Sources */ = {isa = PBXBuildFile; fileRef = 18EC4E232B446587003EC247 /* UITestingBootcamp_UITests.swift */; };
/* End PBXBuildFile section */

/* Begin PBXContainerItemProxy section */
		18DCB9252B3AA34400E13D43 /* PBXContainerItemProxy */ = {
			isa = PBXContainerItemProxy;
			containerPortal = 185ACBAC2B235A0900F0AB07 /* Project object */;
			proxyType = 1;
			remoteGlobalIDString = 185ACBB32B235A0900F0AB07;
			remoteInfo = AdvancedLearning;
		};
		18EC4E1E2B446467003EC247 /* PBXContainerItemProxy */ = {
			isa = PBXContainerItemProxy;
			containerPortal = 185ACBAC2B235A0900F0AB07 /* Project object */;
			proxyType = 1;
			remoteGlobalIDString = 185ACBB32B235A0900F0AB07;
			remoteInfo = AdvancedLearning;
		};
/* End PBXContainerItemProxy section */

/* Begin PBXFileReference section */
		180A7B8E2B26E49C00114813 /* CustomShapesBootcamp.swift */ = {isa = PBXFileReference; lastKnownFileType = sourcecode.swift; path = CustomShapesBootcamp.swift; sourceTree = "<group>"; };
		180A7B902B26F9CF00114813 /* CustomCurvesBootcamp.swift */ = {isa = PBXFileReference; lastKnownFileType = sourcecode.swift; path = CustomCurvesBootcamp.swift; sourceTree = "<group>"; };
		1814EABE2B2D722400FAEEC1 /* UIViewRepresentableBootcamp.swift */ = {isa = PBXFileReference; lastKnownFileType = sourcecode.swift; path = UIViewRepresentableBootcamp.swift; sourceTree = "<group>"; };
		181855BC2B24DA91004B752B /* AnyTransitionBootcamp.swift */ = {isa = PBXFileReference; lastKnownFileType = sourcecode.swift; path = AnyTransitionBootcamp.swift; sourceTree = "<group>"; };
		181A501A2B8CDDDA00D098D1 /* AdvancedCombineBootcamp.swift */ = {isa = PBXFileReference; lastKnownFileType = sourcecode.swift; path = AdvancedCombineBootcamp.swift; sourceTree = "<group>"; };
		183539362B923283000648CE /* TimeLineViewBootcamp.swift */ = {isa = PBXFileReference; lastKnownFileType = sourcecode.swift; path = TimeLineViewBootcamp.swift; sourceTree = "<group>"; };
		183539382B938A05000648CE /* CustomBindingBootcamp.swift */ = {isa = PBXFileReference; lastKnownFileType = sourcecode.swift; path = CustomBindingBootcamp.swift; sourceTree = "<group>"; };
		1835393A2B94D255000648CE /* ErrorAlertBootcamp.swift */ = {isa = PBXFileReference; lastKnownFileType = sourcecode.swift; path = ErrorAlertBootcamp.swift; sourceTree = "<group>"; };
		1835393C2B9612FC000648CE /* KeypathsBootcamp.swift */ = {isa = PBXFileReference; lastKnownFileType = sourcecode.swift; path = KeypathsBootcamp.swift; sourceTree = "<group>"; };
		1836BBDE2B3B0946001287ED /* NewMockDataService.swift */ = {isa = PBXFileReference; lastKnownFileType = sourcecode.swift; path = NewMockDataService.swift; sourceTree = "<group>"; };
		1836BBE02B3B0AB3001287ED /* NewMockDataService_Test.swift */ = {isa = PBXFileReference; lastKnownFileType = sourcecode.swift; path = NewMockDataService_Test.swift; sourceTree = "<group>"; };
		183E84012B2C602100FA3AC9 /* AppNavBarView.swift */ = {isa = PBXFileReference; lastKnownFileType = sourcecode.swift; path = AppNavBarView.swift; sourceTree = "<group>"; };
		183E84032B2C6F3800FA3AC9 /* CustomNavBarView.swift */ = {isa = PBXFileReference; lastKnownFileType = sourcecode.swift; path = CustomNavBarView.swift; sourceTree = "<group>"; };
		183E84052B2C740800FA3AC9 /* CustomNavBarContainerView.swift */ = {isa = PBXFileReference; lastKnownFileType = sourcecode.swift; path = CustomNavBarContainerView.swift; sourceTree = "<group>"; };
		183E84072B2C778600FA3AC9 /* CustomNavView.swift */ = {isa = PBXFileReference; lastKnownFileType = sourcecode.swift; path = CustomNavView.swift; sourceTree = "<group>"; };
		183E84092B2C79EB00FA3AC9 /* CustomNavLink.swift */ = {isa = PBXFileReference; lastKnownFileType = sourcecode.swift; path = CustomNavLink.swift; sourceTree = "<group>"; };
		183E840B2B2C7EE100FA3AC9 /* CustomNavBarPreferenceKey.swift */ = {isa = PBXFileReference; lastKnownFileType = sourcecode.swift; path = CustomNavBarPreferenceKey.swift; sourceTree = "<group>"; };
		1847F9322B28B0C600AA98F4 /* PreferenceKeyBootcamp.swift */ = {isa = PBXFileReference; lastKnownFileType = sourcecode.swift; path = PreferenceKeyBootcamp.swift; sourceTree = "<group>"; };
		1847F9352B28BC3500AA98F4 /* GeometryPreferenceKeyBootcamp.swift */ = {isa = PBXFileReference; lastKnownFileType = sourcecode.swift; path = GeometryPreferenceKeyBootcamp.swift; sourceTree = "<group>"; };
		1847F9372B28C04B00AA98F4 /* ScrollViewOffsetPreferenceBootcamp.swift */ = {isa = PBXFileReference; lastKnownFileType = sourcecode.swift; path = ScrollViewOffsetPreferenceBootcamp.swift; sourceTree = "<group>"; };
		184DD6F32B8F8A0900F806D9 /* FuturesBootcamp.swift */ = {isa = PBXFileReference; lastKnownFileType = sourcecode.swift; path = FuturesBootcamp.swift; sourceTree = "<group>"; };
		185ACBB42B235A0900F0AB07 /* AdvancedLearning.app */ = {isa = PBXFileReference; explicitFileType = wrapper.application; includeInIndex = 0; path = AdvancedLearning.app; sourceTree = BUILT_PRODUCTS_DIR; };
		185ACBB72B235A0900F0AB07 /* AdvancedLearningApp.swift */ = {isa = PBXFileReference; lastKnownFileType = sourcecode.swift; path = AdvancedLearningApp.swift; sourceTree = "<group>"; };
		185ACBBB2B235A0A00F0AB07 /* Assets.xcassets */ = {isa = PBXFileReference; lastKnownFileType = folder.assetcatalog; path = Assets.xcassets; sourceTree = "<group>"; };
		185ACBBE2B235A0A00F0AB07 /* Preview Assets.xcassets */ = {isa = PBXFileReference; lastKnownFileType = folder.assetcatalog; path = "Preview Assets.xcassets"; sourceTree = "<group>"; };
		185ACBC52B235BCC00F0AB07 /* ViewModifierBootcamp.swift */ = {isa = PBXFileReference; lastKnownFileType = sourcecode.swift; path = ViewModifierBootcamp.swift; sourceTree = "<group>"; };
		185ACBC72B2364FF00F0AB07 /* ButtonStyleBootcamp.swift */ = {isa = PBXFileReference; lastKnownFileType = sourcecode.swift; path = ButtonStyleBootcamp.swift; sourceTree = "<group>"; };
		1874380A2B2756C600D33213 /* AnimatableDataBootcamp.swift */ = {isa = PBXFileReference; lastKnownFileType = sourcecode.swift; path = AnimatableDataBootcamp.swift; sourceTree = "<group>"; };
		1874380C2B27617300D33213 /* GenericsBootcamp.swift */ = {isa = PBXFileReference; lastKnownFileType = sourcecode.swift; path = GenericsBootcamp.swift; sourceTree = "<group>"; };
		188B5E8F2B2C0DD200637932 /* AppTabBarView.swift */ = {isa = PBXFileReference; lastKnownFileType = sourcecode.swift; path = AppTabBarView.swift; sourceTree = "<group>"; };
		188B5E912B2C10B400637932 /* CustomTabBarView.swift */ = {isa = PBXFileReference; lastKnownFileType = sourcecode.swift; path = CustomTabBarView.swift; sourceTree = "<group>"; };
		188B5E932B2C18A500637932 /* CustomTabBarContainerView.swift */ = {isa = PBXFileReference; lastKnownFileType = sourcecode.swift; path = CustomTabBarContainerView.swift; sourceTree = "<group>"; };
		188B5E952B2C235500637932 /* TabBarItemsPreferenceKey.swift */ = {isa = PBXFileReference; lastKnownFileType = sourcecode.swift; path = TabBarItemsPreferenceKey.swift; sourceTree = "<group>"; };
		188B5E972B2C288000637932 /* TabBarItem.swift */ = {isa = PBXFileReference; lastKnownFileType = sourcecode.swift; path = TabBarItem.swift; sourceTree = "<group>"; };
		18B4DB4D2B406C3F00DC149C /* UITestingBootcampView.swift */ = {isa = PBXFileReference; lastKnownFileType = sourcecode.swift; path = UITestingBootcampView.swift; sourceTree = "<group>"; };
		18D52BC42B262AFB0002017E /* MatchedGeometryEffectBootcamp.swift */ = {isa = PBXFileReference; lastKnownFileType = sourcecode.swift; path = MatchedGeometryEffectBootcamp.swift; sourceTree = "<group>"; };
		18DCB9182B3A9EEA00E13D43 /* UnitTestingBootcampView.swift */ = {isa = PBXFileReference; lastKnownFileType = sourcecode.swift; path = UnitTestingBootcampView.swift; sourceTree = "<group>"; };
		18DCB91B2B3AA1C800E13D43 /* UnitTestingBootcampVM.swift */ = {isa = PBXFileReference; lastKnownFileType = sourcecode.swift; path = UnitTestingBootcampVM.swift; sourceTree = "<group>"; };
		18DCB9212B3AA34400E13D43 /* AdvancedLearning_Tests.xctest */ = {isa = PBXFileReference; explicitFileType = wrapper.cfbundle; includeInIndex = 0; path = AdvancedLearning_Tests.xctest; sourceTree = BUILT_PRODUCTS_DIR; };
		18DCB9232B3AA34400E13D43 /* AdvancedLearning_Tests.swift */ = {isa = PBXFileReference; lastKnownFileType = sourcecode.swift; path = AdvancedLearning_Tests.swift; sourceTree = "<group>"; };
		18DCB92A2B3AA45500E13D43 /* UnitTestingBootcampVM_Tests.swift */ = {isa = PBXFileReference; lastKnownFileType = sourcecode.swift; path = UnitTestingBootcampVM_Tests.swift; sourceTree = "<group>"; };
		18E2661D2B2EAAF300CD7B3B /* UIViewControllerRepresentableBootcamp.swift */ = {isa = PBXFileReference; lastKnownFileType = sourcecode.swift; path = UIViewControllerRepresentableBootcamp.swift; sourceTree = "<group>"; };
		18E2661F2B2EBADB00CD7B3B /* ProtocolsBootcamp.swift */ = {isa = PBXFileReference; lastKnownFileType = sourcecode.swift; path = ProtocolsBootcamp.swift; sourceTree = "<group>"; };
		18E2D3412B283F3A007C6347 /* ViewBuilderBootcamp.swift */ = {isa = PBXFileReference; lastKnownFileType = sourcecode.swift; path = ViewBuilderBootcamp.swift; sourceTree = "<group>"; };
		18E600172B394564006CF977 /* DependencyInjectionBootcamp.swift */ = {isa = PBXFileReference; lastKnownFileType = sourcecode.swift; path = DependencyInjectionBootcamp.swift; sourceTree = "<group>"; };
		18EC4E182B446466003EC247 /* AdvancedLearning_UITests.xctest */ = {isa = PBXFileReference; explicitFileType = wrapper.cfbundle; includeInIndex = 0; path = AdvancedLearning_UITests.xctest; sourceTree = BUILT_PRODUCTS_DIR; };
		18EC4E1A2B446467003EC247 /* AdvancedLearning_UITests.swift */ = {isa = PBXFileReference; lastKnownFileType = sourcecode.swift; path = AdvancedLearning_UITests.swift; sourceTree = "<group>"; };
		18EC4E1C2B446467003EC247 /* AdvancedLearning_UITestsLaunchTests.swift */ = {isa = PBXFileReference; lastKnownFileType = sourcecode.swift; path = AdvancedLearning_UITestsLaunchTests.swift; sourceTree = "<group>"; };
		18EC4E232B446587003EC247 /* UITestingBootcamp_UITests.swift */ = {isa = PBXFileReference; lastKnownFileType = sourcecode.swift; path = UITestingBootcamp_UITests.swift; sourceTree = "<group>"; };
/* End PBXFileReference section */

/* Begin PBXFrameworksBuildPhase section */
		185ACBB12B235A0900F0AB07 /* Frameworks */ = {
			isa = PBXFrameworksBuildPhase;
			buildActionMask = 2147483647;
			files = (
			);
			runOnlyForDeploymentPostprocessing = 0;
		};
		18DCB91E2B3AA34400E13D43 /* Frameworks */ = {
			isa = PBXFrameworksBuildPhase;
			buildActionMask = 2147483647;
			files = (
			);
			runOnlyForDeploymentPostprocessing = 0;
		};
		18EC4E152B446466003EC247 /* Frameworks */ = {
			isa = PBXFrameworksBuildPhase;
			buildActionMask = 2147483647;
			files = (
			);
			runOnlyForDeploymentPostprocessing = 0;
		};
/* End PBXFrameworksBuildPhase section */

/* Begin PBXGroup section */
		183E84002B2C5F9D00FA3AC9 /* CustomNavBar */ = {
			isa = PBXGroup;
			children = (
				183E84012B2C602100FA3AC9 /* AppNavBarView.swift */,
				183E84072B2C778600FA3AC9 /* CustomNavView.swift */,
				183E84032B2C6F3800FA3AC9 /* CustomNavBarView.swift */,
				183E84052B2C740800FA3AC9 /* CustomNavBarContainerView.swift */,
				183E84092B2C79EB00FA3AC9 /* CustomNavLink.swift */,
				183E840B2B2C7EE100FA3AC9 /* CustomNavBarPreferenceKey.swift */,
			);
			path = CustomNavBar;
			sourceTree = "<group>";
		};
		1847F9342B28BC0300AA98F4 /* PreferenceKeyBootcamp */ = {
			isa = PBXGroup;
			children = (
				1847F9322B28B0C600AA98F4 /* PreferenceKeyBootcamp.swift */,
				1847F9352B28BC3500AA98F4 /* GeometryPreferenceKeyBootcamp.swift */,
				1847F9372B28C04B00AA98F4 /* ScrollViewOffsetPreferenceBootcamp.swift */,
			);
			path = PreferenceKeyBootcamp;
			sourceTree = "<group>";
		};
		185ACBAB2B235A0900F0AB07 = {
			isa = PBXGroup;
			children = (
				185ACBB62B235A0900F0AB07 /* AdvancedLearning */,
				18DCB9222B3AA34400E13D43 /* AdvancedLearning_Tests */,
				18EC4E192B446467003EC247 /* AdvancedLearning_UITests */,
				185ACBB52B235A0900F0AB07 /* Products */,
			);
			sourceTree = "<group>";
		};
		185ACBB52B235A0900F0AB07 /* Products */ = {
			isa = PBXGroup;
			children = (
				185ACBB42B235A0900F0AB07 /* AdvancedLearning.app */,
				18DCB9212B3AA34400E13D43 /* AdvancedLearning_Tests.xctest */,
				18EC4E182B446466003EC247 /* AdvancedLearning_UITests.xctest */,
			);
			name = Products;
			sourceTree = "<group>";
		};
		185ACBB62B235A0900F0AB07 /* AdvancedLearning */ = {
			isa = PBXGroup;
			children = (
				185ACBB72B235A0900F0AB07 /* AdvancedLearningApp.swift */,
				185ACBC52B235BCC00F0AB07 /* ViewModifierBootcamp.swift */,
				185ACBC72B2364FF00F0AB07 /* ButtonStyleBootcamp.swift */,
				181855BC2B24DA91004B752B /* AnyTransitionBootcamp.swift */,
				18D52BC42B262AFB0002017E /* MatchedGeometryEffectBootcamp.swift */,
				180A7B8E2B26E49C00114813 /* CustomShapesBootcamp.swift */,
				180A7B902B26F9CF00114813 /* CustomCurvesBootcamp.swift */,
				1874380A2B2756C600D33213 /* AnimatableDataBootcamp.swift */,
				1874380C2B27617300D33213 /* GenericsBootcamp.swift */,
				18E2D3412B283F3A007C6347 /* ViewBuilderBootcamp.swift */,
				1847F9342B28BC0300AA98F4 /* PreferenceKeyBootcamp */,
				188B5E8E2B2C0D7E00637932 /* CustomTabBar */,
				183E84002B2C5F9D00FA3AC9 /* CustomNavBar */,
				1814EABE2B2D722400FAEEC1 /* UIViewRepresentableBootcamp.swift */,
				18E2661D2B2EAAF300CD7B3B /* UIViewControllerRepresentableBootcamp.swift */,
				18E2661F2B2EBADB00CD7B3B /* ProtocolsBootcamp.swift */,
				18E600172B394564006CF977 /* DependencyInjectionBootcamp.swift */,
				18DCB91A2B3AA19400E13D43 /* UnitTestingBootcamp */,
				18B4DB4D2B406C3F00DC149C /* UITestingBootcampView.swift */,
				181A501A2B8CDDDA00D098D1 /* AdvancedCombineBootcamp.swift */,
				184DD6F32B8F8A0900F806D9 /* FuturesBootcamp.swift */,
				183539362B923283000648CE /* TimeLineViewBootcamp.swift */,
				183539382B938A05000648CE /* CustomBindingBootcamp.swift */,
				1835393A2B94D255000648CE /* ErrorAlertBootcamp.swift */,
				1835393C2B9612FC000648CE /* KeypathsBootcamp.swift */,
				185ACBBB2B235A0A00F0AB07 /* Assets.xcassets */,
				185ACBBD2B235A0A00F0AB07 /* Preview Content */,
			);
			path = AdvancedLearning;
			sourceTree = "<group>";
		};
		185ACBBD2B235A0A00F0AB07 /* Preview Content */ = {
			isa = PBXGroup;
			children = (
				185ACBBE2B235A0A00F0AB07 /* Preview Assets.xcassets */,
			);
			path = "Preview Content";
			sourceTree = "<group>";
		};
		188B5E8E2B2C0D7E00637932 /* CustomTabBar */ = {
			isa = PBXGroup;
			children = (
				188B5E8F2B2C0DD200637932 /* AppTabBarView.swift */,
				188B5E912B2C10B400637932 /* CustomTabBarView.swift */,
				188B5E932B2C18A500637932 /* CustomTabBarContainerView.swift */,
				188B5E952B2C235500637932 /* TabBarItemsPreferenceKey.swift */,
				188B5E972B2C288000637932 /* TabBarItem.swift */,
			);
			path = CustomTabBar;
			sourceTree = "<group>";
		};
		18DCB91A2B3AA19400E13D43 /* UnitTestingBootcamp */ = {
			isa = PBXGroup;
			children = (
				18DCB9182B3A9EEA00E13D43 /* UnitTestingBootcampView.swift */,
				18DCB91B2B3AA1C800E13D43 /* UnitTestingBootcampVM.swift */,
				1836BBDE2B3B0946001287ED /* NewMockDataService.swift */,
			);
			path = UnitTestingBootcamp;
			sourceTree = "<group>";
		};
		18DCB9222B3AA34400E13D43 /* AdvancedLearning_Tests */ = {
			isa = PBXGroup;
			children = (
				18DCB9232B3AA34400E13D43 /* AdvancedLearning_Tests.swift */,
				18DCB92A2B3AA45500E13D43 /* UnitTestingBootcampVM_Tests.swift */,
				1836BBE02B3B0AB3001287ED /* NewMockDataService_Test.swift */,
			);
			path = AdvancedLearning_Tests;
			sourceTree = "<group>";
		};
		18EC4E192B446467003EC247 /* AdvancedLearning_UITests */ = {
			isa = PBXGroup;
			children = (
				18EC4E1A2B446467003EC247 /* AdvancedLearning_UITests.swift */,
				18EC4E1C2B446467003EC247 /* AdvancedLearning_UITestsLaunchTests.swift */,
				18EC4E232B446587003EC247 /* UITestingBootcamp_UITests.swift */,
			);
			path = AdvancedLearning_UITests;
			sourceTree = "<group>";
		};
/* End PBXGroup section */

/* Begin PBXNativeTarget section */
		185ACBB32B235A0900F0AB07 /* AdvancedLearning */ = {
			isa = PBXNativeTarget;
			buildConfigurationList = 185ACBC22B235A0A00F0AB07 /* Build configuration list for PBXNativeTarget "AdvancedLearning" */;
			buildPhases = (
				185ACBB02B235A0900F0AB07 /* Sources */,
				185ACBB12B235A0900F0AB07 /* Frameworks */,
				185ACBB22B235A0900F0AB07 /* Resources */,
			);
			buildRules = (
			);
			dependencies = (
			);
			name = AdvancedLearning;
			productName = AdvancedLearning;
			productReference = 185ACBB42B235A0900F0AB07 /* AdvancedLearning.app */;
			productType = "com.apple.product-type.application";
		};
		18DCB9202B3AA34400E13D43 /* AdvancedLearning_Tests */ = {
			isa = PBXNativeTarget;
			buildConfigurationList = 18DCB9272B3AA34400E13D43 /* Build configuration list for PBXNativeTarget "AdvancedLearning_Tests" */;
			buildPhases = (
				18DCB91D2B3AA34400E13D43 /* Sources */,
				18DCB91E2B3AA34400E13D43 /* Frameworks */,
				18DCB91F2B3AA34400E13D43 /* Resources */,
			);
			buildRules = (
			);
			dependencies = (
				18DCB9262B3AA34400E13D43 /* PBXTargetDependency */,
			);
			name = AdvancedLearning_Tests;
			productName = AdvancedLearning_Tests;
			productReference = 18DCB9212B3AA34400E13D43 /* AdvancedLearning_Tests.xctest */;
			productType = "com.apple.product-type.bundle.unit-test";
		};
		18EC4E172B446466003EC247 /* AdvancedLearning_UITests */ = {
			isa = PBXNativeTarget;
			buildConfigurationList = 18EC4E222B446467003EC247 /* Build configuration list for PBXNativeTarget "AdvancedLearning_UITests" */;
			buildPhases = (
				18EC4E142B446466003EC247 /* Sources */,
				18EC4E152B446466003EC247 /* Frameworks */,
				18EC4E162B446466003EC247 /* Resources */,
			);
			buildRules = (
			);
			dependencies = (
				18EC4E1F2B446467003EC247 /* PBXTargetDependency */,
			);
			name = AdvancedLearning_UITests;
			productName = AdvancedLearning_UITests;
			productReference = 18EC4E182B446466003EC247 /* AdvancedLearning_UITests.xctest */;
			productType = "com.apple.product-type.bundle.ui-testing";
		};
/* End PBXNativeTarget section */

/* Begin PBXProject section */
		185ACBAC2B235A0900F0AB07 /* Project object */ = {
			isa = PBXProject;
			attributes = {
				BuildIndependentTargetsInParallel = 1;
				LastSwiftUpdateCheck = 1500;
				LastUpgradeCheck = 1500;
				TargetAttributes = {
					185ACBB32B235A0900F0AB07 = {
						CreatedOnToolsVersion = 15.0.1;
					};
					18DCB9202B3AA34400E13D43 = {
						CreatedOnToolsVersion = 15.0.1;
						TestTargetID = 185ACBB32B235A0900F0AB07;
					};
					18EC4E172B446466003EC247 = {
						CreatedOnToolsVersion = 15.0.1;
						TestTargetID = 185ACBB32B235A0900F0AB07;
					};
				};
			};
			buildConfigurationList = 185ACBAF2B235A0900F0AB07 /* Build configuration list for PBXProject "AdvancedLearning" */;
			compatibilityVersion = "Xcode 14.0";
			developmentRegion = en;
			hasScannedForEncodings = 0;
			knownRegions = (
				en,
				Base,
			);
			mainGroup = 185ACBAB2B235A0900F0AB07;
			productRefGroup = 185ACBB52B235A0900F0AB07 /* Products */;
			projectDirPath = "";
			projectRoot = "";
			targets = (
				185ACBB32B235A0900F0AB07 /* AdvancedLearning */,
				18DCB9202B3AA34400E13D43 /* AdvancedLearning_Tests */,
				18EC4E172B446466003EC247 /* AdvancedLearning_UITests */,
			);
		};
/* End PBXProject section */

/* Begin PBXResourcesBuildPhase section */
		185ACBB22B235A0900F0AB07 /* Resources */ = {
			isa = PBXResourcesBuildPhase;
			buildActionMask = 2147483647;
			files = (
				185ACBBF2B235A0A00F0AB07 /* Preview Assets.xcassets in Resources */,
				185ACBBC2B235A0A00F0AB07 /* Assets.xcassets in Resources */,
			);
			runOnlyForDeploymentPostprocessing = 0;
		};
		18DCB91F2B3AA34400E13D43 /* Resources */ = {
			isa = PBXResourcesBuildPhase;
			buildActionMask = 2147483647;
			files = (
			);
			runOnlyForDeploymentPostprocessing = 0;
		};
		18EC4E162B446466003EC247 /* Resources */ = {
			isa = PBXResourcesBuildPhase;
			buildActionMask = 2147483647;
			files = (
			);
			runOnlyForDeploymentPostprocessing = 0;
		};
/* End PBXResourcesBuildPhase section */

/* Begin PBXSourcesBuildPhase section */
		185ACBB02B235A0900F0AB07 /* Sources */ = {
			isa = PBXSourcesBuildPhase;
			buildActionMask = 2147483647;
			files = (
				183E84022B2C602100FA3AC9 /* AppNavBarView.swift in Sources */,
				1836BBDF2B3B0946001287ED /* NewMockDataService.swift in Sources */,
				18B4DB4E2B406C3F00DC149C /* UITestingBootcampView.swift in Sources */,
				188B5E962B2C235500637932 /* TabBarItemsPreferenceKey.swift in Sources */,
				188B5E902B2C0DD200637932 /* AppTabBarView.swift in Sources */,
				1835393D2B9612FC000648CE /* KeypathsBootcamp.swift in Sources */,
				1814EABF2B2D722400FAEEC1 /* UIViewRepresentableBootcamp.swift in Sources */,
				185ACBC82B2364FF00F0AB07 /* ButtonStyleBootcamp.swift in Sources */,
				185ACBC62B235BCC00F0AB07 /* ViewModifierBootcamp.swift in Sources */,
				183539372B923283000648CE /* TimeLineViewBootcamp.swift in Sources */,
				181855BD2B24DA91004B752B /* AnyTransitionBootcamp.swift in Sources */,
				185ACBB82B235A0900F0AB07 /* AdvancedLearningApp.swift in Sources */,
				1874380B2B2756C600D33213 /* AnimatableDataBootcamp.swift in Sources */,
				188B5E922B2C10B400637932 /* CustomTabBarView.swift in Sources */,
				183E84082B2C778600FA3AC9 /* CustomNavView.swift in Sources */,
				183E84042B2C6F3800FA3AC9 /* CustomNavBarView.swift in Sources */,
				181A501B2B8CDDDA00D098D1 /* AdvancedCombineBootcamp.swift in Sources */,
				18E2D3422B283F3A007C6347 /* ViewBuilderBootcamp.swift in Sources */,
				183539392B938A05000648CE /* CustomBindingBootcamp.swift in Sources */,
				1874380D2B27617300D33213 /* GenericsBootcamp.swift in Sources */,
				18E2661E2B2EAAF300CD7B3B /* UIViewControllerRepresentableBootcamp.swift in Sources */,
				183E840A2B2C79EB00FA3AC9 /* CustomNavLink.swift in Sources */,
				184DD6F42B8F8A0900F806D9 /* FuturesBootcamp.swift in Sources */,
				18DCB91C2B3AA1C800E13D43 /* UnitTestingBootcampVM.swift in Sources */,
				1847F9382B28C04B00AA98F4 /* ScrollViewOffsetPreferenceBootcamp.swift in Sources */,
				183E840C2B2C7EE100FA3AC9 /* CustomNavBarPreferenceKey.swift in Sources */,
				1847F9362B28BC3500AA98F4 /* GeometryPreferenceKeyBootcamp.swift in Sources */,
				183E84062B2C740800FA3AC9 /* CustomNavBarContainerView.swift in Sources */,
				1835393B2B94D255000648CE /* ErrorAlertBootcamp.swift in Sources */,
				188B5E982B2C288000637932 /* TabBarItem.swift in Sources */,
				18E600182B394564006CF977 /* DependencyInjectionBootcamp.swift in Sources */,
				18D52BC52B262AFB0002017E /* MatchedGeometryEffectBootcamp.swift in Sources */,
				180A7B8F2B26E49C00114813 /* CustomShapesBootcamp.swift in Sources */,
				18E266202B2EBADB00CD7B3B /* ProtocolsBootcamp.swift in Sources */,
				1847F9332B28B0C600AA98F4 /* PreferenceKeyBootcamp.swift in Sources */,
				180A7B912B26F9CF00114813 /* CustomCurvesBootcamp.swift in Sources */,
				188B5E942B2C18A500637932 /* CustomTabBarContainerView.swift in Sources */,
				18DCB9192B3A9EEA00E13D43 /* UnitTestingBootcampView.swift in Sources */,
			);
			runOnlyForDeploymentPostprocessing = 0;
		};
		18DCB91D2B3AA34400E13D43 /* Sources */ = {
			isa = PBXSourcesBuildPhase;
			buildActionMask = 2147483647;
			files = (
				18DCB92B2B3AA45500E13D43 /* UnitTestingBootcampVM_Tests.swift in Sources */,
				18DCB9242B3AA34400E13D43 /* AdvancedLearning_Tests.swift in Sources */,
				1836BBE12B3B0AB3001287ED /* NewMockDataService_Test.swift in Sources */,
			);
			runOnlyForDeploymentPostprocessing = 0;
		};
		18EC4E142B446466003EC247 /* Sources */ = {
			isa = PBXSourcesBuildPhase;
			buildActionMask = 2147483647;
			files = (
				18EC4E1D2B446467003EC247 /* AdvancedLearning_UITestsLaunchTests.swift in Sources */,
				18EC4E1B2B446467003EC247 /* AdvancedLearning_UITests.swift in Sources */,
				18EC4E242B446587003EC247 /* UITestingBootcamp_UITests.swift in Sources */,
			);
			runOnlyForDeploymentPostprocessing = 0;
		};
/* End PBXSourcesBuildPhase section */

/* Begin PBXTargetDependency section */
		18DCB9262B3AA34400E13D43 /* PBXTargetDependency */ = {
			isa = PBXTargetDependency;
			target = 185ACBB32B235A0900F0AB07 /* AdvancedLearning */;
			targetProxy = 18DCB9252B3AA34400E13D43 /* PBXContainerItemProxy */;
		};
		18EC4E1F2B446467003EC247 /* PBXTargetDependency */ = {
			isa = PBXTargetDependency;
			target = 185ACBB32B235A0900F0AB07 /* AdvancedLearning */;
			targetProxy = 18EC4E1E2B446467003EC247 /* PBXContainerItemProxy */;
		};
/* End PBXTargetDependency section */

/* Begin XCBuildConfiguration section */
		185ACBC02B235A0A00F0AB07 /* Debug */ = {
			isa = XCBuildConfiguration;
			buildSettings = {
				ALWAYS_SEARCH_USER_PATHS = NO;
				ASSETCATALOG_COMPILER_GENERATE_SWIFT_ASSET_SYMBOL_EXTENSIONS = YES;
				CLANG_ANALYZER_NONNULL = YES;
				CLANG_ANALYZER_NUMBER_OBJECT_CONVERSION = YES_AGGRESSIVE;
				CLANG_CXX_LANGUAGE_STANDARD = "gnu++20";
				CLANG_ENABLE_MODULES = YES;
				CLANG_ENABLE_OBJC_ARC = YES;
				CLANG_ENABLE_OBJC_WEAK = YES;
				CLANG_WARN_BLOCK_CAPTURE_AUTORELEASING = YES;
				CLANG_WARN_BOOL_CONVERSION = YES;
				CLANG_WARN_COMMA = YES;
				CLANG_WARN_CONSTANT_CONVERSION = YES;
				CLANG_WARN_DEPRECATED_OBJC_IMPLEMENTATIONS = YES;
				CLANG_WARN_DIRECT_OBJC_ISA_USAGE = YES_ERROR;
				CLANG_WARN_DOCUMENTATION_COMMENTS = YES;
				CLANG_WARN_EMPTY_BODY = YES;
				CLANG_WARN_ENUM_CONVERSION = YES;
				CLANG_WARN_INFINITE_RECURSION = YES;
				CLANG_WARN_INT_CONVERSION = YES;
				CLANG_WARN_NON_LITERAL_NULL_CONVERSION = YES;
				CLANG_WARN_OBJC_IMPLICIT_RETAIN_SELF = YES;
				CLANG_WARN_OBJC_LITERAL_CONVERSION = YES;
				CLANG_WARN_OBJC_ROOT_CLASS = YES_ERROR;
				CLANG_WARN_QUOTED_INCLUDE_IN_FRAMEWORK_HEADER = YES;
				CLANG_WARN_RANGE_LOOP_ANALYSIS = YES;
				CLANG_WARN_STRICT_PROTOTYPES = YES;
				CLANG_WARN_SUSPICIOUS_MOVE = YES;
				CLANG_WARN_UNGUARDED_AVAILABILITY = YES_AGGRESSIVE;
				CLANG_WARN_UNREACHABLE_CODE = YES;
				CLANG_WARN__DUPLICATE_METHOD_MATCH = YES;
				COPY_PHASE_STRIP = NO;
				DEBUG_INFORMATION_FORMAT = dwarf;
				ENABLE_STRICT_OBJC_MSGSEND = YES;
				ENABLE_TESTABILITY = YES;
				ENABLE_USER_SCRIPT_SANDBOXING = YES;
				GCC_C_LANGUAGE_STANDARD = gnu17;
				GCC_DYNAMIC_NO_PIC = NO;
				GCC_NO_COMMON_BLOCKS = YES;
				GCC_OPTIMIZATION_LEVEL = 0;
				GCC_PREPROCESSOR_DEFINITIONS = (
					"DEBUG=1",
					"$(inherited)",
				);
				GCC_WARN_64_TO_32_BIT_CONVERSION = YES;
				GCC_WARN_ABOUT_RETURN_TYPE = YES_ERROR;
				GCC_WARN_UNDECLARED_SELECTOR = YES;
				GCC_WARN_UNINITIALIZED_AUTOS = YES_AGGRESSIVE;
				GCC_WARN_UNUSED_FUNCTION = YES;
				GCC_WARN_UNUSED_VARIABLE = YES;
				IPHONEOS_DEPLOYMENT_TARGET = 17.0;
				LOCALIZATION_PREFERS_STRING_CATALOGS = YES;
				MTL_ENABLE_DEBUG_INFO = INCLUDE_SOURCE;
				MTL_FAST_MATH = YES;
				ONLY_ACTIVE_ARCH = YES;
				SDKROOT = iphoneos;
				SWIFT_ACTIVE_COMPILATION_CONDITIONS = "DEBUG $(inherited)";
				SWIFT_OPTIMIZATION_LEVEL = "-Onone";
			};
			name = Debug;
		};
		185ACBC12B235A0A00F0AB07 /* Release */ = {
			isa = XCBuildConfiguration;
			buildSettings = {
				ALWAYS_SEARCH_USER_PATHS = NO;
				ASSETCATALOG_COMPILER_GENERATE_SWIFT_ASSET_SYMBOL_EXTENSIONS = YES;
				CLANG_ANALYZER_NONNULL = YES;
				CLANG_ANALYZER_NUMBER_OBJECT_CONVERSION = YES_AGGRESSIVE;
				CLANG_CXX_LANGUAGE_STANDARD = "gnu++20";
				CLANG_ENABLE_MODULES = YES;
				CLANG_ENABLE_OBJC_ARC = YES;
				CLANG_ENABLE_OBJC_WEAK = YES;
				CLANG_WARN_BLOCK_CAPTURE_AUTORELEASING = YES;
				CLANG_WARN_BOOL_CONVERSION = YES;
				CLANG_WARN_COMMA = YES;
				CLANG_WARN_CONSTANT_CONVERSION = YES;
				CLANG_WARN_DEPRECATED_OBJC_IMPLEMENTATIONS = YES;
				CLANG_WARN_DIRECT_OBJC_ISA_USAGE = YES_ERROR;
				CLANG_WARN_DOCUMENTATION_COMMENTS = YES;
				CLANG_WARN_EMPTY_BODY = YES;
				CLANG_WARN_ENUM_CONVERSION = YES;
				CLANG_WARN_INFINITE_RECURSION = YES;
				CLANG_WARN_INT_CONVERSION = YES;
				CLANG_WARN_NON_LITERAL_NULL_CONVERSION = YES;
				CLANG_WARN_OBJC_IMPLICIT_RETAIN_SELF = YES;
				CLANG_WARN_OBJC_LITERAL_CONVERSION = YES;
				CLANG_WARN_OBJC_ROOT_CLASS = YES_ERROR;
				CLANG_WARN_QUOTED_INCLUDE_IN_FRAMEWORK_HEADER = YES;
				CLANG_WARN_RANGE_LOOP_ANALYSIS = YES;
				CLANG_WARN_STRICT_PROTOTYPES = YES;
				CLANG_WARN_SUSPICIOUS_MOVE = YES;
				CLANG_WARN_UNGUARDED_AVAILABILITY = YES_AGGRESSIVE;
				CLANG_WARN_UNREACHABLE_CODE = YES;
				CLANG_WARN__DUPLICATE_METHOD_MATCH = YES;
				COPY_PHASE_STRIP = NO;
				DEBUG_INFORMATION_FORMAT = "dwarf-with-dsym";
				ENABLE_NS_ASSERTIONS = NO;
				ENABLE_STRICT_OBJC_MSGSEND = YES;
				ENABLE_USER_SCRIPT_SANDBOXING = YES;
				GCC_C_LANGUAGE_STANDARD = gnu17;
				GCC_NO_COMMON_BLOCKS = YES;
				GCC_WARN_64_TO_32_BIT_CONVERSION = YES;
				GCC_WARN_ABOUT_RETURN_TYPE = YES_ERROR;
				GCC_WARN_UNDECLARED_SELECTOR = YES;
				GCC_WARN_UNINITIALIZED_AUTOS = YES_AGGRESSIVE;
				GCC_WARN_UNUSED_FUNCTION = YES;
				GCC_WARN_UNUSED_VARIABLE = YES;
				IPHONEOS_DEPLOYMENT_TARGET = 17.0;
				LOCALIZATION_PREFERS_STRING_CATALOGS = YES;
				MTL_ENABLE_DEBUG_INFO = NO;
				MTL_FAST_MATH = YES;
				SDKROOT = iphoneos;
				SWIFT_COMPILATION_MODE = wholemodule;
				VALIDATE_PRODUCT = YES;
			};
			name = Release;
		};
		185ACBC32B235A0A00F0AB07 /* Debug */ = {
			isa = XCBuildConfiguration;
			buildSettings = {
				ASSETCATALOG_COMPILER_APPICON_NAME = AppIcon;
				ASSETCATALOG_COMPILER_GLOBAL_ACCENT_COLOR_NAME = AccentColor;
				CODE_SIGN_STYLE = Automatic;
				CURRENT_PROJECT_VERSION = 1;
				DEVELOPMENT_ASSET_PATHS = "\"AdvancedLearning/Preview Content\"";
				ENABLE_PREVIEWS = YES;
				GENERATE_INFOPLIST_FILE = YES;
				INFOPLIST_KEY_UIApplicationSceneManifest_Generation = YES;
				INFOPLIST_KEY_UIApplicationSupportsIndirectInputEvents = YES;
				INFOPLIST_KEY_UILaunchScreen_Generation = YES;
				INFOPLIST_KEY_UISupportedInterfaceOrientations_iPad = "UIInterfaceOrientationPortrait UIInterfaceOrientationPortraitUpsideDown UIInterfaceOrientationLandscapeLeft UIInterfaceOrientationLandscapeRight";
				INFOPLIST_KEY_UISupportedInterfaceOrientations_iPhone = "UIInterfaceOrientationPortrait UIInterfaceOrientationLandscapeLeft UIInterfaceOrientationLandscapeRight";
				LD_RUNPATH_SEARCH_PATHS = (
					"$(inherited)",
					"@executable_path/Frameworks",
				);
				MARKETING_VERSION = 1.0;
				PRODUCT_BUNDLE_IDENTIFIER = com.advancedlearning.AdvancedLearning;
				PRODUCT_NAME = "$(TARGET_NAME)";
				SWIFT_EMIT_LOC_STRINGS = YES;
				SWIFT_VERSION = 5.0;
				TARGETED_DEVICE_FAMILY = "1,2";
			};
			name = Debug;
		};
		185ACBC42B235A0A00F0AB07 /* Release */ = {
			isa = XCBuildConfiguration;
			buildSettings = {
				ASSETCATALOG_COMPILER_APPICON_NAME = AppIcon;
				ASSETCATALOG_COMPILER_GLOBAL_ACCENT_COLOR_NAME = AccentColor;
				CODE_SIGN_STYLE = Automatic;
				CURRENT_PROJECT_VERSION = 1;
				DEVELOPMENT_ASSET_PATHS = "\"AdvancedLearning/Preview Content\"";
				ENABLE_PREVIEWS = YES;
				GENERATE_INFOPLIST_FILE = YES;
				INFOPLIST_KEY_UIApplicationSceneManifest_Generation = YES;
				INFOPLIST_KEY_UIApplicationSupportsIndirectInputEvents = YES;
				INFOPLIST_KEY_UILaunchScreen_Generation = YES;
				INFOPLIST_KEY_UISupportedInterfaceOrientations_iPad = "UIInterfaceOrientationPortrait UIInterfaceOrientationPortraitUpsideDown UIInterfaceOrientationLandscapeLeft UIInterfaceOrientationLandscapeRight";
				INFOPLIST_KEY_UISupportedInterfaceOrientations_iPhone = "UIInterfaceOrientationPortrait UIInterfaceOrientationLandscapeLeft UIInterfaceOrientationLandscapeRight";
				LD_RUNPATH_SEARCH_PATHS = (
					"$(inherited)",
					"@executable_path/Frameworks",
				);
				MARKETING_VERSION = 1.0;
				PRODUCT_BUNDLE_IDENTIFIER = com.advancedlearning.AdvancedLearning;
				PRODUCT_NAME = "$(TARGET_NAME)";
				SWIFT_EMIT_LOC_STRINGS = YES;
				SWIFT_VERSION = 5.0;
				TARGETED_DEVICE_FAMILY = "1,2";
			};
			name = Release;
		};
		18DCB9282B3AA34400E13D43 /* Debug */ = {
			isa = XCBuildConfiguration;
			buildSettings = {
				BUNDLE_LOADER = "$(TEST_HOST)";
				CODE_SIGN_STYLE = Automatic;
				CURRENT_PROJECT_VERSION = 1;
				GENERATE_INFOPLIST_FILE = YES;
				MARKETING_VERSION = 1.0;
				PRODUCT_BUNDLE_IDENTIFIER = "com.advancedlearning.AdvancedLearning-Tests";
				PRODUCT_NAME = "$(TARGET_NAME)";
				SWIFT_EMIT_LOC_STRINGS = NO;
				SWIFT_VERSION = 5.0;
				TARGETED_DEVICE_FAMILY = "1,2";
				TEST_HOST = "$(BUILT_PRODUCTS_DIR)/AdvancedLearning.app/$(BUNDLE_EXECUTABLE_FOLDER_PATH)/AdvancedLearning";
			};
			name = Debug;
		};
		18DCB9292B3AA34400E13D43 /* Release */ = {
			isa = XCBuildConfiguration;
			buildSettings = {
				BUNDLE_LOADER = "$(TEST_HOST)";
				CODE_SIGN_STYLE = Automatic;
				CURRENT_PROJECT_VERSION = 1;
				GENERATE_INFOPLIST_FILE = YES;
				MARKETING_VERSION = 1.0;
				PRODUCT_BUNDLE_IDENTIFIER = "com.advancedlearning.AdvancedLearning-Tests";
				PRODUCT_NAME = "$(TARGET_NAME)";
				SWIFT_EMIT_LOC_STRINGS = NO;
				SWIFT_VERSION = 5.0;
				TARGETED_DEVICE_FAMILY = "1,2";
				TEST_HOST = "$(BUILT_PRODUCTS_DIR)/AdvancedLearning.app/$(BUNDLE_EXECUTABLE_FOLDER_PATH)/AdvancedLearning";
			};
			name = Release;
		};
		18EC4E202B446467003EC247 /* Debug */ = {
			isa = XCBuildConfiguration;
			buildSettings = {
				CODE_SIGN_STYLE = Automatic;
				CURRENT_PROJECT_VERSION = 1;
				GENERATE_INFOPLIST_FILE = YES;
				MARKETING_VERSION = 1.0;
				PRODUCT_BUNDLE_IDENTIFIER = "com.advancedlearning.AdvancedLearning-UITests";
				PRODUCT_NAME = "$(TARGET_NAME)";
				SWIFT_EMIT_LOC_STRINGS = NO;
				SWIFT_VERSION = 5.0;
				TARGETED_DEVICE_FAMILY = "1,2";
				TEST_TARGET_NAME = AdvancedLearning;
			};
			name = Debug;
		};
		18EC4E212B446467003EC247 /* Release */ = {
			isa = XCBuildConfiguration;
			buildSettings = {
				CODE_SIGN_STYLE = Automatic;
				CURRENT_PROJECT_VERSION = 1;
				GENERATE_INFOPLIST_FILE = YES;
				MARKETING_VERSION = 1.0;
				PRODUCT_BUNDLE_IDENTIFIER = "com.advancedlearning.AdvancedLearning-UITests";
				PRODUCT_NAME = "$(TARGET_NAME)";
				SWIFT_EMIT_LOC_STRINGS = NO;
				SWIFT_VERSION = 5.0;
				TARGETED_DEVICE_FAMILY = "1,2";
				TEST_TARGET_NAME = AdvancedLearning;
			};
			name = Release;
		};
/* End XCBuildConfiguration section */

/* Begin XCConfigurationList section */
		185ACBAF2B235A0900F0AB07 /* Build configuration list for PBXProject "AdvancedLearning" */ = {
			isa = XCConfigurationList;
			buildConfigurations = (
				185ACBC02B235A0A00F0AB07 /* Debug */,
				185ACBC12B235A0A00F0AB07 /* Release */,
			);
			defaultConfigurationIsVisible = 0;
			defaultConfigurationName = Release;
		};
		185ACBC22B235A0A00F0AB07 /* Build configuration list for PBXNativeTarget "AdvancedLearning" */ = {
			isa = XCConfigurationList;
			buildConfigurations = (
				185ACBC32B235A0A00F0AB07 /* Debug */,
				185ACBC42B235A0A00F0AB07 /* Release */,
			);
			defaultConfigurationIsVisible = 0;
			defaultConfigurationName = Release;
		};
		18DCB9272B3AA34400E13D43 /* Build configuration list for PBXNativeTarget "AdvancedLearning_Tests" */ = {
			isa = XCConfigurationList;
			buildConfigurations = (
				18DCB9282B3AA34400E13D43 /* Debug */,
				18DCB9292B3AA34400E13D43 /* Release */,
			);
			defaultConfigurationIsVisible = 0;
			defaultConfigurationName = Release;
		};
		18EC4E222B446467003EC247 /* Build configuration list for PBXNativeTarget "AdvancedLearning_UITests" */ = {
			isa = XCConfigurationList;
			buildConfigurations = (
				18EC4E202B446467003EC247 /* Debug */,
				18EC4E212B446467003EC247 /* Release */,
			);
			defaultConfigurationIsVisible = 0;
			defaultConfigurationName = Release;
		};
/* End XCConfigurationList section */
	};
	rootObject = 185ACBAC2B235A0900F0AB07 /* Project object */;
}
